
Microsoft Visual Studio Solution File, Format Version 12.00
# Visual Studio Version 17
VisualStudioVersion = 17.14.36908.2 d17.14
MinimumVisualStudioVersion = 10.0.40219.1
Project("{FAE04EC0-301F-11D3-BF4B-00C04F79EFBC}") = "FinalYearProject", "FinalYearProject.csproj", "{B4FDAFB7-58B7-4638-8C86-47311F0885F1}"
EndProject
Global
	GlobalSection(SolutionConfigurationPlatforms) = preSolution
		Debug|Any CPU = Debug|Any CPU
		Release|Any CPU = Release|Any CPU
	EndGlobalSection
	GlobalSection(ProjectConfigurationPlatforms) = postSolution
		{B4FDAFB7-58B7-4638-8C86-47311F0885F1}.Debug|Any CPU.ActiveCfg = Debug|Any CPU
		{B4FDAFB7-58B7-4638-8C86-47311F0885F1}.Debug|Any CPU.Build.0 = Debug|Any CPU
		{B4FDAFB7-58B7-4638-8C86-47311F0885F1}.Release|Any CPU.ActiveCfg = Release|Any CPU
		{B4FDAFB7-58B7-4638-8C86-47311F0885F1}.Release|Any CPU.Build.0 = Release|Any CPU
	EndGlobalSection
	GlobalSection(SolutionProperties) = preSolution
		HideSolutionNode = FALSE
	EndGlobalSection
	GlobalSection(ExtensibilityGlobals) = postSolution
		SolutionGuid = {2F22359A-DFF6-43C7-848F-09DB402C6723}
	EndGlobalSection
EndGlobal
